{
  "name": "stock-analysis-system",
  "version": "1.0.0",
  "lockfileVersion": 3,
  "requires": true,
  "packages": {
    "": {
      "name": "stock-analysis-system",
      "version": "1.0.0",
      "license": "ISC",
      "dependencies": {
        "influx": "^5.12.0",
        "kafkajs": "^2.2.4"
      }
    },
    "node_modules/influx": {
      "version": "5.12.0",
      "resolved": "https://registry.npmjs.org/influx/-/influx-5.12.0.tgz",
      "integrity": "sha512-qS3qh7Rt/3/iFUBcDC2wdfxAxgfQKFt9FXKA/PTb7dQD5FIDod9v8LlOxK43Mj71y7umRb9NjkYWw1sk8wfTQQ==",
      "license": "MIT"
    },
    "node_modules/kafkajs": {
      "version": "2.2.4",
      "resolved": "https://registry.npmjs.org/kafkajs/-/kafkajs-2.2.4.tgz",
      "integrity": "sha512-j/YeapB1vfPT2iOIUn/vxdyKEuhuY2PxMBvf5JWux6iSaukAccrMtXEY/Lb7OvavDhOWME589bpLrEdnVHjfjA==",
      "license": "MIT",
      "engines": {
        "node": ">=14.0.0"
      }
    }
  }
}
